
Microsoft Visual Studio Solution File, Format Version 12.00
# Visual Studio Version 17
VisualStudioVersion = 17.7.34031.279
MinimumVisualStudioVersion = 10.0.40219.1
Project("{FAE04EC0-301F-11D3-BF4B-00C04F79EFBC}") = "assignment4", "assignment4.csproj", "{01783479-247C-4FD2-8DF1-2CA4E7663568}"
EndProject
Global
	GlobalSection(SolutionConfigurationPlatforms) = preSolution
		Debug|Any CPU = Debug|Any CPU
		Release|Any CPU = Release|Any CPU
	EndGlobalSection
	GlobalSection(ProjectConfigurationPlatforms) = postSolution
		{01783479-247C-4FD2-8DF1-2CA4E7663568}.Debug|Any CPU.ActiveCfg = Debug|Any CPU
		{01783479-247C-4FD2-8DF1-2CA4E7663568}.Debug|Any CPU.Build.0 = Debug|Any CPU
		{01783479-247C-4FD2-8DF1-2CA4E7663568}.Release|Any CPU.ActiveCfg = Release|Any CPU
		{01783479-247C-4FD2-8DF1-2CA4E7663568}.Release|Any CPU.Build.0 = Release|Any CPU
	EndGlobalSection
	GlobalSection(SolutionProperties) = preSolution
		HideSolutionNode = FALSE
	EndGlobalSection
	GlobalSection(ExtensibilityGlobals) = postSolution
		SolutionGuid = {900E4058-03AE-4CAB-B86E-08E411E7A684}
	EndGlobalSection
EndGlobal
